
Microsoft Visual Studio Solution File, Format Version 12.00
# Visual Studio Version 16
VisualStudioVersion = 16.0.30002.166
MinimumVisualStudioVersion = 10.0.40219.1
Project("{FAE04EC0-301F-11D3-BF4B-00C04F79EFBC}") = "Tracker", "Tracker\Tracker.csproj", "{8A03454A-6C12-4188-88DB-FFA68226DCCF}"
EndProject
Global
	GlobalSection(SolutionConfigurationPlatforms) = preSolution
		Debug|Any CPU = Debug|Any CPU
		Release|Any CPU = Release|Any CPU
	EndGlobalSection
	GlobalSection(ProjectConfigurationPlatforms) = postSolution
		{8A03454A-6C12-4188-88DB-FFA68226DCCF}.Debug|Any CPU.ActiveCfg = Debug|Any CPU
		{8A03454A-6C12-4188-88DB-FFA68226DCCF}.Debug|Any CPU.Build.0 = Debug|Any CPU
		{8A03454A-6C12-4188-88DB-FFA68226DCCF}.Release|Any CPU.ActiveCfg = Release|Any CPU
		{8A03454A-6C12-4188-88DB-FFA68226DCCF}.Release|Any CPU.Build.0 = Release|Any CPU
	EndGlobalSection
	GlobalSection(SolutionProperties) = preSolution
		HideSolutionNode = FALSE
	EndGlobalSection
	GlobalSection(ExtensibilityGlobals) = postSolution
		SolutionGuid = {72201968-3CF1-4597-965B-583DBA8BBEA3}
	EndGlobalSection
EndGlobal
